
Microsoft Visual Studio Solution File, Format Version 12.00
# Visual Studio Version 16
VisualStudioVersion = 16.0.32413.511
MinimumVisualStudioVersion = 10.0.40219.1
Project("{FAE04EC0-301F-11D3-BF4B-00C04F79EFBC}") = "BankAccount", "BankAccount\BankAccount.csproj", "{0F0D713C-37D3-4D80-BB33-1D9DC0C7A509}"
EndProject
Global
	GlobalSection(SolutionConfigurationPlatforms) = preSolution
		Debug|Any CPU = Debug|Any CPU
		Release|Any CPU = Release|Any CPU
	EndGlobalSection
	GlobalSection(ProjectConfigurationPlatforms) = postSolution
		{0F0D713C-37D3-4D80-BB33-1D9DC0C7A509}.Debug|Any CPU.ActiveCfg = Debug|Any CPU
		{0F0D713C-37D3-4D80-BB33-1D9DC0C7A509}.Debug|Any CPU.Build.0 = Debug|Any CPU
		{0F0D713C-37D3-4D80-BB33-1D9DC0C7A509}.Release|Any CPU.ActiveCfg = Release|Any CPU
		{0F0D713C-37D3-4D80-BB33-1D9DC0C7A509}.Release|Any CPU.Build.0 = Release|Any CPU
	EndGlobalSection
	GlobalSection(SolutionProperties) = preSolution
		HideSolutionNode = FALSE
	EndGlobalSection
	GlobalSection(ExtensibilityGlobals) = postSolution
		SolutionGuid = {864F50BF-58A4-49B3-AD30-9B5019EFB0CC}
	EndGlobalSection
EndGlobal
